{
  "name": "messageRoulette",
  "version": "1.0.0",
  "lockfileVersion": 1,
  "requires": true,
  "dependencies": {
    "@redis/bloom": {
      "version": "1.1.0",
      "resolved": "https://repo.dev.wixpress.com/artifactory/api/npm/npm-repos/@redis/bloom/-/bloom-1.1.0.tgz",
      "integrity": "sha1-ZOMQ3e5yAQZ24UKWB2Mp5ZSh9sc="
    },
    "@redis/client": {
      "version": "1.4.2",
      "resolved": "https://repo.dev.wixpress.com/artifactory/api/npm/npm-repos/@redis/client/-/client-1.4.2.tgz",
      "integrity": "sha1-Kj9emLwzt7l5OQRC5uCPluV/q90=",
      "requires": {
        "cluster-key-slot": "1.1.1",
        "generic-pool": "3.9.0",
        "yallist": "4.0.0"
      }
    },
    "@redis/graph": {
      "version": "1.1.0",
      "resolved": "https://repo.dev.wixpress.com/artifactory/api/npm/npm-repos/@redis/graph/-/graph-1.1.0.tgz",
      "integrity": "sha1-zCuC5RQaKa2izOfSZ6a3S6pt1Rk="
    },
    "@redis/json": {
      "version": "1.0.4",
      "resolved": "https://repo.dev.wixpress.com/artifactory/api/npm/npm-repos/@redis/json/-/json-1.0.4.tgz",
      "integrity": "sha1-83K1+TMk5v+38Wqty8tOXD05vaE="
    },
    "@redis/search": {
      "version": "1.1.0",
      "resolved": "https://repo.dev.wixpress.com/artifactory/api/npm/npm-repos/@redis/search/-/search-1.1.0.tgz",
      "integrity": "sha1-ersY1DHyfOr+a8tN2Do/pn6atN8="
    },
    "@redis/time-series": {
      "version": "1.0.4",
      "resolved": "https://repo.dev.wixpress.com/artifactory/api/npm/npm-repos/@redis/time-series/-/time-series-1.0.4.tgz",
      "integrity": "sha1-r4XrCA9pNFgOTTtYBGAmtsKxhxc="
    },
    "@socket.io/component-emitter": {
      "version": "3.1.0",
      "resolved": "https://repo.dev.wixpress.com/artifactory/api/npm/npm-repos/@socket.io/component-emitter/-/component-emitter-3.1.0.tgz",
      "integrity": "sha1-lhFvKpEuDAKBc0WzwQdRBpkg1VM="
    },
    "@socket.io/redis-adapter": {
      "version": "7.2.0",
      "resolved": "https://repo.dev.wixpress.com/artifactory/api/npm/npm-repos/@socket.io/redis-adapter/-/redis-adapter-7.2.0.tgz",
      "integrity": "sha1-0KHEBmMb9SVWBzzDe3ZMMY7+aQ8=",
      "requires": {
        "debug": "~4.3.1",
        "notepack.io": "~2.2.0",
        "socket.io-adapter": "^2.4.0",
        "uid2": "0.0.3"
      }
    },
    "@types/cookie": {
      "version": "0.4.1",
      "resolved": "https://repo.dev.wixpress.com/artifactory/api/npm/npm-repos/@types/cookie/-/cookie-0.4.1.tgz",
      "integrity": "sha1-v9AsHyIkVnZ2wVRRmfh8OoYdh40="
    },
    "@types/cors": {
      "version": "2.8.13",
      "resolved": "https://repo.dev.wixpress.com/artifactory/api/npm/npm-repos/@types/cors/-/cors-2.8.13.tgz",
      "integrity": "sha1-uK3iK6RVobjLO10/NZEP0gT4T5Q=",
      "requires": {
        "@types/node": "*"
      }
    },
    "@types/node": {
      "version": "18.11.18",
      "resolved": "https://repo.dev.wixpress.com/artifactory/api/npm/npm-repos/@types/node/-/node-18.11.18.tgz",
      "integrity": "sha1-jfuX8Nojwik+VUxaUNYe8TTXaX8="
    },
    "abbrev": {
      "version": "1.1.1",
      "resolved": "https://repo.dev.wixpress.com/artifactory/api/npm/npm-repos/abbrev/-/abbrev-1.1.1.tgz",
      "integrity": "sha1-+PLIh60Qv2f2NPAFtph/7TF5qsg=",
      "dev": true
    },
    "accepts": {
      "version": "1.3.8",
      "resolved": "https://repo.dev.wixpress.com/artifactory/api/npm/npm-repos/accepts/-/accepts-1.3.8.tgz",
      "integrity": "sha1-C/C+EltnAUrcsLCSHmLbe//hay4=",
      "requires": {
        "mime-types": "~2.1.34",
        "negotiator": "0.6.3"
      }
    },
    "anymatch": {
      "version": "3.1.3",
      "resolved": "https://repo.dev.wixpress.com/artifactory/api/npm/npm-repos/anymatch/-/anymatch-3.1.3.tgz",
      "integrity": "sha1-eQxYsZuhcgqEIFtXxhjVrYUklz4=",
      "dev": true,
      "requires": {
        "normalize-path": "^3.0.0",
        "picomatch": "^2.0.4"
      }
    },
    "array-flatten": {
      "version": "1.1.1",
      "resolved": "https://repo.dev.wixpress.com/artifactory/api/npm/npm-repos/array-flatten/-/array-flatten-1.1.1.tgz",
      "integrity": "sha1-ml9pkFGx5wczKPKgCJaLZOopVdI="
    },
    "balanced-match": {
      "version": "1.0.2",
      "resolved": "https://repo.dev.wixpress.com/artifactory/api/npm/npm-repos/balanced-match/-/balanced-match-1.0.2.tgz",
      "integrity": "sha1-6D46fj8wCzTLnYf2FfoMvzV2kO4=",
      "dev": true
    },
    "base64id": {
      "version": "2.0.0",
      "resolved": "https://repo.dev.wixpress.com/artifactory/api/npm/npm-repos/base64id/-/base64id-2.0.0.tgz",
      "integrity": "sha1-J3Csa8R9MSr5eov5pjQ0LgzSXLY="
    },
    "basic-auth": {
      "version": "2.0.1",
      "resolved": "https://repo.dev.wixpress.com/artifactory/api/npm/npm-repos/basic-auth/-/basic-auth-2.0.1.tgz",
      "integrity": "sha1-uZgnm/R844NEtPPPkW1Gebv1Hjo=",
      "requires": {
        "safe-buffer": "5.1.2"
      },
      "dependencies": {
        "safe-buffer": {
          "version": "5.1.2",
          "resolved": "https://repo.dev.wixpress.com/artifactory/api/npm/npm-repos/safe-buffer/-/safe-buffer-5.1.2.tgz",
          "integrity": "sha1-mR7GnSluAxN0fVm9/St0XDX4go0="
        }
      }
    },
    "binary-extensions": {
      "version": "2.2.0",
      "resolved": "https://repo.dev.wixpress.com/artifactory/api/npm/npm-repos/binary-extensions/-/binary-extensions-2.2.0.tgz",
      "integrity": "sha1-dfUC7q+f/eQvyYgpZFvk6na9ni0=",
      "dev": true
    },
    "body-parser": {
      "version": "1.20.1",
      "resolved": "https://repo.dev.wixpress.com/artifactory/api/npm/npm-repos/body-parser/-/body-parser-1.20.1.tgz",
      "integrity": "sha1-sYEqiRLBlc03Gj7l5m+qIzilxmg=",
      "requires": {
        "bytes": "3.1.2",
        "content-type": "~1.0.4",
        "debug": "2.6.9",
        "depd": "2.0.0",
        "destroy": "1.2.0",
        "http-errors": "2.0.0",
        "iconv-lite": "0.4.24",
        "on-finished": "2.4.1",
        "qs": "6.11.0",
        "raw-body": "2.5.1",
        "type-is": "~1.6.18",
        "unpipe": "1.0.0"
      },
      "dependencies": {
        "debug": {
          "version": "2.6.9",
          "resolved": "https://repo.dev.wixpress.com/artifactory/api/npm/npm-repos/debug/-/debug-2.6.9.tgz",
          "integrity": "sha1-XRKFFd8TT/Mn6QpMk/Tgd6U2NB8=",
          "requires": {
            "ms": "2.0.0"
          }
        },
        "ms": {
          "version": "2.0.0",
          "resolved": "https://repo.dev.wixpress.com/artifactory/api/npm/npm-repos/ms/-/ms-2.0.0.tgz",
          "integrity": "sha1-VgiurfwAvmwpAd9fmGF4jeDVl8g="
        }
      }
    },
    "brace-expansion": {
      "version": "1.1.11",
      "resolved": "https://repo.dev.wixpress.com/artifactory/api/npm/npm-repos/brace-expansion/-/brace-expansion-1.1.11.tgz",
      "integrity": "sha1-PH/L9SnYcibz0vUrlm/1Jx60Qd0=",
      "dev": true,
      "requires": {
        "balanced-match": "^1.0.0",
        "concat-map": "0.0.1"
      }
    },
    "braces": {
      "version": "3.0.2",
      "resolved": "https://repo.dev.wixpress.com/artifactory/api/npm/npm-repos/braces/-/braces-3.0.2.tgz",
      "integrity": "sha1-NFThpGLujVmeI23zNs2epPiv4Qc=",
      "dev": true,
      "requires": {
        "fill-range": "^7.0.1"
      }
    },
    "buffer-equal-constant-time": {
      "version": "1.0.1",
      "resolved": "https://repo.dev.wixpress.com/artifactory/api/npm/npm-repos/buffer-equal-constant-time/-/buffer-equal-constant-time-1.0.1.tgz",
      "integrity": "sha1-+OcRMvf/5uAaXJaXpMbz5I1cyBk="
    },
    "bytes": {
      "version": "3.1.2",
      "resolved": "https://repo.dev.wixpress.com/artifactory/api/npm/npm-repos/bytes/-/bytes-3.1.2.tgz",
      "integrity": "sha1-iwvuuYYFrfGxKPpDhkA8AJ4CIaU="
    },
    "call-bind": {
      "version": "1.0.2",
      "resolved": "https://repo.dev.wixpress.com/artifactory/api/npm/npm-repos/call-bind/-/call-bind-1.0.2.tgz",
      "integrity": "sha1-sdTonmiBGcPJqQOtMKuy9qkZvjw=",
      "requires": {
        "function-bind": "^1.1.1",
        "get-intrinsic": "^1.0.2"
      }
    },
    "chokidar": {
      "version": "3.5.3",
      "resolved": "https://repo.dev.wixpress.com/artifactory/api/npm/npm-repos/chokidar/-/chokidar-3.5.3.tgz",
      "integrity": "sha1-HPN8hwe5Mr0a8a4iwEMuKs0ZA70=",
      "dev": true,
      "requires": {
        "anymatch": "~3.1.2",
        "braces": "~3.0.2",
        "fsevents": "~2.3.2",
        "glob-parent": "~5.1.2",
        "is-binary-path": "~2.1.0",
        "is-glob": "~4.0.1",
        "normalize-path": "~3.0.0",
        "readdirp": "~3.6.0"
      }
    },
    "cluster-key-slot": {
      "version": "1.1.1",
      "resolved": "https://repo.dev.wixpress.com/artifactory/api/npm/npm-repos/cluster-key-slot/-/cluster-key-slot-1.1.1.tgz",
      "integrity": "sha1-EMy53tBylGS20ufXFLEAotElnUM="
    },
    "concat-map": {
      "version": "0.0.1",
      "resolved": "https://repo.dev.wixpress.com/artifactory/api/npm/npm-repos/concat-map/-/concat-map-0.0.1.tgz",
      "integrity": "sha1-2Klr13/Wjfd5OnMDajug1UBdR3s=",
      "dev": true
    },
    "content-disposition": {
      "version": "0.5.4",
      "resolved": "https://repo.dev.wixpress.com/artifactory/api/npm/npm-repos/content-disposition/-/content-disposition-0.5.4.tgz",
      "integrity": "sha1-i4K076yCUSoCuwsdzsnSxejrW/4=",
      "requires": {
        "safe-buffer": "5.2.1"
      }
    },
    "content-type": {
      "version": "1.0.4",
      "resolved": "https://repo.dev.wixpress.com/artifactory/api/npm/npm-repos/content-type/-/content-type-1.0.4.tgz",
      "integrity": "sha1-4TjMdeBAxyexlm/l5fjJruJW/js="
    },
    "cookie": {
      "version": "0.5.0",
      "resolved": "https://repo.dev.wixpress.com/artifactory/api/npm/npm-repos/cookie/-/cookie-0.5.0.tgz",
      "integrity": "sha1-0fXXGt7GVYxY84mYfDZqpH6ZT4s="
    },
    "cookie-signature": {
      "version": "1.0.6",
      "resolved": "https://repo.dev.wixpress.com/artifactory/api/npm/npm-repos/cookie-signature/-/cookie-signature-1.0.6.tgz",
      "integrity": "sha1-4wOogrNCzD7oylE6eZmXNNqzriw="
    },
    "cors": {
      "version": "2.8.5",
      "resolved": "https://repo.dev.wixpress.com/artifactory/api/npm/npm-repos/cors/-/cors-2.8.5.tgz",
      "integrity": "sha1-6sEdpRWS3Ya58G9uesKTs9+HXSk=",
      "requires": {
        "object-assign": "^4",
        "vary": "^1"
      }
    },
    "debug": {
      "version": "4.3.4",
      "resolved": "https://repo.dev.wixpress.com/artifactory/api/npm/npm-repos/debug/-/debug-4.3.4.tgz",
      "integrity": "sha1-Exn2V5NX8jONMzfSzdSRS7XcyGU=",
      "requires": {
        "ms": "2.1.2"
      }
    },
    "depd": {
      "version": "2.0.0",
      "resolved": "https://repo.dev.wixpress.com/artifactory/api/npm/npm-repos/depd/-/depd-2.0.0.tgz",
      "integrity": "sha1-tpYWPMdXVg0JzyLMj60Vcbeedt8="
    },
    "destroy": {
      "version": "1.2.0",
      "resolved": "https://repo.dev.wixpress.com/artifactory/api/npm/npm-repos/destroy/-/destroy-1.2.0.tgz",
      "integrity": "sha1-SANzVQmti+VSk0xn32FPlOZvoBU="
    },
    "dotenv": {
      "version": "16.0.3",
      "resolved": "https://repo.dev.wixpress.com/artifactory/api/npm/npm-repos/dotenv/-/dotenv-16.0.3.tgz",
      "integrity": "sha1-EVrsQrrFBT2zxFbbMMwkOlqDagc="
    },
    "ecdsa-sig-formatter": {
      "version": "1.0.11",
      "resolved": "https://repo.dev.wixpress.com/artifactory/api/npm/npm-repos/ecdsa-sig-formatter/-/ecdsa-sig-formatter-1.0.11.tgz",
      "integrity": "sha1-rg8PothQRe8UqBfao86azQSJ5b8=",
      "requires": {
        "safe-buffer": "^5.0.1"
      }
    },
    "ee-first": {
      "version": "1.1.1",
      "resolved": "https://repo.dev.wixpress.com/artifactory/api/npm/npm-repos/ee-first/-/ee-first-1.1.1.tgz",
      "integrity": "sha1-WQxhFWsK4vTwJVcyoViyZrxWsh0="
    },
    "encodeurl": {
      "version": "1.0.2",
      "resolved": "https://repo.dev.wixpress.com/artifactory/api/npm/npm-repos/encodeurl/-/encodeurl-1.0.2.tgz",
      "integrity": "sha1-rT/0yG7C0CkyL1oCw6mmBslbP1k="
    },
    "engine.io": {
      "version": "6.2.1",
      "resolved": "https://repo.dev.wixpress.com/artifactory/api/npm/npm-repos/engine.io/-/engine.io-6.2.1.tgz",
      "integrity": "sha1-4/eCbrxBQNubuqkCGtax77F1h48=",
      "requires": {
        "@types/cookie": "^0.4.1",
        "@types/cors": "^2.8.12",
        "@types/node": ">=10.0.0",
        "accepts": "~1.3.4",
        "base64id": "2.0.0",
        "cookie": "~0.4.1",
        "cors": "~2.8.5",
        "debug": "~4.3.1",
        "engine.io-parser": "~5.0.3",
        "ws": "~8.2.3"
      },
      "dependencies": {
        "cookie": {
          "version": "0.4.2",
          "resolved": "https://repo.dev.wixpress.com/artifactory/api/npm/npm-repos/cookie/-/cookie-0.4.2.tgz",
          "integrity": "sha1-DkHyTeXs8xeUfIL8eJ4GqISCRDI="
        },
        "ws": {
          "version": "8.2.3",
          "resolved": "https://repo.dev.wixpress.com/artifactory/api/npm/npm-repos/ws/-/ws-8.2.3.tgz",
          "integrity": "sha1-Y6VkVtsbBDZ9C3IaC4DK5ti+y7o="
        }
      }
    },
    "engine.io-parser": {
      "version": "5.0.6",
      "resolved": "https://repo.dev.wixpress.com/artifactory/api/npm/npm-repos/engine.io-parser/-/engine.io-parser-5.0.6.tgz",
      "integrity": "sha1-eBEkSvFz4VcpXeybJxjf5Cpk70U="
    },
    "escape-html": {
      "version": "1.0.3",
      "resolved": "https://repo.dev.wixpress.com/artifactory/api/npm/npm-repos/escape-html/-/escape-html-1.0.3.tgz",
      "integrity": "sha1-Aljq5NPQwJdN4cFpGI7wBR0dGYg="
    },
    "etag": {
      "version": "1.8.1",
      "resolved": "https://repo.dev.wixpress.com/artifactory/api/npm/npm-repos/etag/-/etag-1.8.1.tgz",
      "integrity": "sha1-Qa4u62XvpiJorr/qg6x9eSmbCIc="
    },
    "express": {
      "version": "4.18.2",
      "resolved": "https://repo.dev.wixpress.com/artifactory/api/npm/npm-repos/express/-/express-4.18.2.tgz",
      "integrity": "sha1-P6vggpbpMMeWwZ48UWl5OGup/Vk=",
      "requires": {
        "accepts": "~1.3.8",
        "array-flatten": "1.1.1",
        "body-parser": "1.20.1",
        "content-disposition": "0.5.4",
        "content-type": "~1.0.4",
        "cookie": "0.5.0",
        "cookie-signature": "1.0.6",
        "debug": "2.6.9",
        "depd": "2.0.0",
        "encodeurl": "~1.0.2",
        "escape-html": "~1.0.3",
        "etag": "~1.8.1",
        "finalhandler": "1.2.0",
        "fresh": "0.5.2",
        "http-errors": "2.0.0",
        "merge-descriptors": "1.0.1",
        "methods": "~1.1.2",
        "on-finished": "2.4.1",
        "parseurl": "~1.3.3",
        "path-to-regexp": "0.1.7",
        "proxy-addr": "~2.0.7",
        "qs": "6.11.0",
        "range-parser": "~1.2.1",
        "safe-buffer": "5.2.1",
        "send": "0.18.0",
        "serve-static": "1.15.0",
        "setprototypeof": "1.2.0",
        "statuses": "2.0.1",
        "type-is": "~1.6.18",
        "utils-merge": "1.0.1",
        "vary": "~1.1.2"
      },
      "dependencies": {
        "debug": {
          "version": "2.6.9",
          "resolved": "https://repo.dev.wixpress.com/artifactory/api/npm/npm-repos/debug/-/debug-2.6.9.tgz",
          "integrity": "sha1-XRKFFd8TT/Mn6QpMk/Tgd6U2NB8=",
          "requires": {
            "ms": "2.0.0"
          }
        },
        "ms": {
          "version": "2.0.0",
          "resolved": "https://repo.dev.wixpress.com/artifactory/api/npm/npm-repos/ms/-/ms-2.0.0.tgz",
          "integrity": "sha1-VgiurfwAvmwpAd9fmGF4jeDVl8g="
        }
      }
    },
    "express-validator": {
      "version": "6.14.3",
      "resolved": "https://repo.dev.wixpress.com/artifactory/api/npm/npm-repos/express-validator/-/express-validator-6.14.3.tgz",
      "integrity": "sha1-UHhyWMElD/sOeml/BenxaqL9gIQ=",
      "requires": {
        "lodash": "^4.17.21",
        "validator": "^13.7.0"
      }
    },
    "fill-range": {
      "version": "7.0.1",
      "resolved": "https://repo.dev.wixpress.com/artifactory/api/npm/npm-repos/fill-range/-/fill-range-7.0.1.tgz",
      "integrity": "sha1-GRmmp8df44ssfHflGYU12prN2kA=",
      "dev": true,
      "requires": {
        "to-regex-range": "^5.0.1"
      }
    },
    "finalhandler": {
      "version": "1.2.0",
      "resolved": "https://repo.dev.wixpress.com/artifactory/api/npm/npm-repos/finalhandler/-/finalhandler-1.2.0.tgz",
      "integrity": "sha1-fSP+VzGyB7RkDk/NAK7B+SB6ezI=",
      "requires": {
        "debug": "2.6.9",
        "encodeurl": "~1.0.2",
        "escape-html": "~1.0.3",
        "on-finished": "2.4.1",
        "parseurl": "~1.3.3",
        "statuses": "2.0.1",
        "unpipe": "~1.0.0"
      },
      "dependencies": {
        "debug": {
          "version": "2.6.9",
          "resolved": "https://repo.dev.wixpress.com/artifactory/api/npm/npm-repos/debug/-/debug-2.6.9.tgz",
          "integrity": "sha1-XRKFFd8TT/Mn6QpMk/Tgd6U2NB8=",
          "requires": {
            "ms": "2.0.0"
          }
        },
        "ms": {
          "version": "2.0.0",
          "resolved": "https://repo.dev.wixpress.com/artifactory/api/npm/npm-repos/ms/-/ms-2.0.0.tgz",
          "integrity": "sha1-VgiurfwAvmwpAd9fmGF4jeDVl8g="
        }
      }
    },
    "forwarded": {
      "version": "0.2.0",
      "resolved": "https://repo.dev.wixpress.com/artifactory/api/npm/npm-repos/forwarded/-/forwarded-0.2.0.tgz",
      "integrity": "sha1-ImmTZCiq1MFcfr6XeahL8LKoGBE="
    },
    "fresh": {
      "version": "0.5.2",
      "resolved": "https://repo.dev.wixpress.com/artifactory/api/npm/npm-repos/fresh/-/fresh-0.5.2.tgz",
      "integrity": "sha1-PYyt2Q2XZWn6g1qx+OSyOhBWBac="
    },
    "fsevents": {
      "version": "2.3.2",
      "resolved": "https://repo.dev.wixpress.com/artifactory/api/npm/npm-repos/fsevents/-/fsevents-2.3.2.tgz",
      "integrity": "sha1-ilJveLj99GI7cJ4Ll1xSwkwC/Ro=",
      "dev": true,
      "optional": true
    },
    "function-bind": {
      "version": "1.1.1",
      "resolved": "https://repo.dev.wixpress.com/artifactory/api/npm/npm-repos/function-bind/-/function-bind-1.1.1.tgz",
      "integrity": "sha1-pWiZ0+o8m6uHS7l3O3xe3pL0iV0="
    },
    "generic-pool": {
      "version": "3.9.0",
      "resolved": "https://repo.dev.wixpress.com/artifactory/api/npm/npm-repos/generic-pool/-/generic-pool-3.9.0.tgz",
      "integrity": "sha1-NvSmeOlj9P24cH6rBQgjq8To9eQ="
    },
    "get-intrinsic": {
      "version": "1.2.0",
      "resolved": "https://repo.dev.wixpress.com/artifactory/api/npm/npm-repos/get-intrinsic/-/get-intrinsic-1.2.0.tgz",
      "integrity": "sha1-etHcBTXzopBLugdXcnY+UFH20F8=",
      "requires": {
        "function-bind": "^1.1.1",
        "has": "^1.0.3",
        "has-symbols": "^1.0.3"
      }
    },
    "glob-parent": {
      "version": "5.1.2",
      "resolved": "https://repo.dev.wixpress.com/artifactory/api/npm/npm-repos/glob-parent/-/glob-parent-5.1.2.tgz",
      "integrity": "sha1-hpgyxYA0/mikCTwX3BXoNA2EAcQ=",
      "dev": true,
      "requires": {
        "is-glob": "^4.0.1"
      }
    },
    "has": {
      "version": "1.0.3",
      "resolved": "https://repo.dev.wixpress.com/artifactory/api/npm/npm-repos/has/-/has-1.0.3.tgz",
      "integrity": "sha1-ci18v8H2qoJB8W3YFOAR4fQeh5Y=",
      "requires": {
        "function-bind": "^1.1.1"
      }
    },
    "has-flag": {
      "version": "3.0.0",
      "resolved": "https://repo.dev.wixpress.com/artifactory/api/npm/npm-repos/has-flag/-/has-flag-3.0.0.tgz",
      "integrity": "sha1-tdRU3CGZriJWmfNGfloH87lVuv0=",
      "dev": true
    },
    "has-symbols": {
      "version": "1.0.3",
      "resolved": "https://repo.dev.wixpress.com/artifactory/api/npm/npm-repos/has-symbols/-/has-symbols-1.0.3.tgz",
      "integrity": "sha1-u3ssQ0klHc6HsSX3vfh0qnyLOfg="
    },
    "http-errors": {
      "version": "2.0.0",
      "resolved": "https://repo.dev.wixpress.com/artifactory/api/npm/npm-repos/http-errors/-/http-errors-2.0.0.tgz",
      "integrity": "sha1-t3dKFIbvc892Z6ya4IWMASxXudM=",
      "requires": {
        "depd": "2.0.0",
        "inherits": "2.0.4",
        "setprototypeof": "1.2.0",
        "statuses": "2.0.1",
        "toidentifier": "1.0.1"
      }
    },
    "iconv-lite": {
      "version": "0.4.24",
      "resolved": "https://repo.dev.wixpress.com/artifactory/api/npm/npm-repos/iconv-lite/-/iconv-lite-0.4.24.tgz",
      "integrity": "sha1-ICK0sl+93CHS9SSXSkdKr+czkIs=",
      "requires": {
        "safer-buffer": ">= 2.1.2 < 3"
      }
    },
    "ignore-by-default": {
      "version": "1.0.1",
      "resolved": "https://repo.dev.wixpress.com/artifactory/api/npm/npm-repos/ignore-by-default/-/ignore-by-default-1.0.1.tgz",
      "integrity": "sha1-SMptcvbGo68Aqa1K5odr44ieKwk=",
      "dev": true
    },
    "inherits": {
      "version": "2.0.4",
      "resolved": "https://repo.dev.wixpress.com/artifactory/api/npm/npm-repos/inherits/-/inherits-2.0.4.tgz",
      "integrity": "sha1-D6LGT5MpF8NDOg3tVTY6rjdBa3w="
    },
    "ipaddr.js": {
      "version": "1.9.1",
      "resolved": "https://repo.dev.wixpress.com/artifactory/api/npm/npm-repos/ipaddr.js/-/ipaddr.js-1.9.1.tgz",
      "integrity": "sha1-v/OFQ+64mEglB5/zoqjmy9RngbM="
    },
    "is-binary-path": {
      "version": "2.1.0",
      "resolved": "https://repo.dev.wixpress.com/artifactory/api/npm/npm-repos/is-binary-path/-/is-binary-path-2.1.0.tgz",
      "integrity": "sha1-6h9/O4DwZCNug0cPhsCcJU+0Wwk=",
      "dev": true,
      "requires": {
        "binary-extensions": "^2.0.0"
      }
    },
    "is-extglob": {
      "version": "2.1.1",
      "resolved": "https://repo.dev.wixpress.com/artifactory/api/npm/npm-repos/is-extglob/-/is-extglob-2.1.1.tgz",
      "integrity": "sha1-qIwCU1eR8C7TfHahueqXc8gz+MI=",
      "dev": true
    },
    "is-glob": {
      "version": "4.0.3",
      "resolved": "https://repo.dev.wixpress.com/artifactory/api/npm/npm-repos/is-glob/-/is-glob-4.0.3.tgz",
      "integrity": "sha1-ZPYeQsu7LuwgcanawLKLoeZdUIQ=",
      "dev": true,
      "requires": {
        "is-extglob": "^2.1.1"
      }
    },
    "is-number": {
      "version": "7.0.0",
      "resolved": "https://repo.dev.wixpress.com/artifactory/api/npm/npm-repos/is-number/-/is-number-7.0.0.tgz",
      "integrity": "sha1-dTU0W4lnNNX4DE0GxQlVUnoU8Ss=",
      "dev": true
    },
    "jsonwebtoken": {
      "version": "8.5.1",
      "resolved": "https://repo.dev.wixpress.com/artifactory/api/npm/npm-repos/jsonwebtoken/-/jsonwebtoken-8.5.1.tgz",
      "integrity": "sha1-AOceC431TCEhofJhN98igGc7zA0=",
      "requires": {
        "jws": "^3.2.2",
        "lodash.includes": "^4.3.0",
        "lodash.isboolean": "^3.0.3",
        "lodash.isinteger": "^4.0.4",
        "lodash.isnumber": "^3.0.3",
        "lodash.isplainobject": "^4.0.6",
        "lodash.isstring": "^4.0.1",
        "lodash.once": "^4.0.0",
        "ms": "^2.1.1",
        "semver": "^5.6.0"
      }
    },
    "jwa": {
      "version": "1.4.1",
      "resolved": "https://repo.dev.wixpress.com/artifactory/api/npm/npm-repos/jwa/-/jwa-1.4.1.tgz",
      "integrity": "sha1-dDwymFy56YZVUw1TZBtmyGRbA5o=",
      "requires": {
        "buffer-equal-constant-time": "1.0.1",
        "ecdsa-sig-formatter": "1.0.11",
        "safe-buffer": "^5.0.1"
      }
    },
    "jws": {
      "version": "3.2.2",
      "resolved": "https://repo.dev.wixpress.com/artifactory/api/npm/npm-repos/jws/-/jws-3.2.2.tgz",
      "integrity": "sha1-ABCZ82OUaMlBQADpmZX6UvtHgwQ=",
      "requires": {
        "jwa": "^1.4.1",
        "safe-buffer": "^5.0.1"
      }
    },
    "lodash": {
      "version": "4.17.21",
      "resolved": "https://repo.dev.wixpress.com/artifactory/api/npm/npm-repos/lodash/-/lodash-4.17.21.tgz",
      "integrity": "sha1-Z5WRxWTDv/quhFTPCz3zcMPWkRw="
    },
    "lodash.includes": {
      "version": "4.3.0",
      "resolved": "https://repo.dev.wixpress.com/artifactory/api/npm/npm-repos/lodash.includes/-/lodash.includes-4.3.0.tgz",
      "integrity": "sha1-YLuYqHy5I8aMoeUTJUgzFISfVT8="
    },
    "lodash.isboolean": {
      "version": "3.0.3",
      "resolved": "https://repo.dev.wixpress.com/artifactory/api/npm/npm-repos/lodash.isboolean/-/lodash.isboolean-3.0.3.tgz",
      "integrity": "sha1-bC4XHbKiV82WgC/UOwGyDV9YcPY="
    },
    "lodash.isinteger": {
      "version": "4.0.4",
      "resolved": "https://repo.dev.wixpress.com/artifactory/api/npm/npm-repos/lodash.isinteger/-/lodash.isinteger-4.0.4.tgz",
      "integrity": "sha1-YZwK89A/iwTDH1iChAt3sRzWg0M="
    },
    "lodash.isnumber": {
      "version": "3.0.3",
      "resolved": "https://repo.dev.wixpress.com/artifactory/api/npm/npm-repos/lodash.isnumber/-/lodash.isnumber-3.0.3.tgz",
      "integrity": "sha1-POdoEMWSjQM1IwGsKHMX8RwLH/w="
    },
    "lodash.isplainobject": {
      "version": "4.0.6",
      "resolved": "https://repo.dev.wixpress.com/artifactory/api/npm/npm-repos/lodash.isplainobject/-/lodash.isplainobject-4.0.6.tgz",
      "integrity": "sha1-fFJqUtibRcRcxpC4gWO+BJf1UMs="
    },
    "lodash.isstring": {
      "version": "4.0.1",
      "resolved": "https://repo.dev.wixpress.com/artifactory/api/npm/npm-repos/lodash.isstring/-/lodash.isstring-4.0.1.tgz",
      "integrity": "sha1-1SfftUVuynzJu5XV2ur4i6VKVFE="
    },
    "lodash.once": {
      "version": "4.1.1",
      "resolved": "https://repo.dev.wixpress.com/artifactory/api/npm/npm-repos/lodash.once/-/lodash.once-4.1.1.tgz",
      "integrity": "sha1-DdOXEhPHxW34gJd9UEyI+0cal6w="
    },
    "media-typer": {
      "version": "0.3.0",
      "resolved": "https://repo.dev.wixpress.com/artifactory/api/npm/npm-repos/media-typer/-/media-typer-0.3.0.tgz",
      "integrity": "sha1-hxDXrwqmJvj/+hzgAWhUUmMlV0g="
    },
    "merge-descriptors": {
      "version": "1.0.1",
      "resolved": "https://repo.dev.wixpress.com/artifactory/api/npm/npm-repos/merge-descriptors/-/merge-descriptors-1.0.1.tgz",
      "integrity": "sha1-sAqqVW3YtEVoFQ7J0blT8/kMu2E="
    },
    "methods": {
      "version": "1.1.2",
      "resolved": "https://repo.dev.wixpress.com/artifactory/api/npm/npm-repos/methods/-/methods-1.1.2.tgz",
      "integrity": "sha1-VSmk1nZUE07cxSZmVoNbD4Ua/O4="
    },
    "mime": {
      "version": "1.6.0",
      "resolved": "https://repo.dev.wixpress.com/artifactory/api/npm/npm-repos/mime/-/mime-1.6.0.tgz",
      "integrity": "sha1-Ms2eXGRVO9WNGaVor0Uqz/BJgbE="
    },
    "mime-db": {
      "version": "1.52.0",
      "resolved": "https://repo.dev.wixpress.com/artifactory/api/npm/npm-repos/mime-db/-/mime-db-1.52.0.tgz",
      "integrity": "sha1-u6vNwChZ9JhzAchW4zh85exDv3A="
    },
    "mime-types": {
      "version": "2.1.35",
      "resolved": "https://repo.dev.wixpress.com/artifactory/api/npm/npm-repos/mime-types/-/mime-types-2.1.35.tgz",
      "integrity": "sha1-OBqHG2KnNEUGYK497uRIE/cNlZo=",
      "requires": {
        "mime-db": "1.52.0"
      }
    },
    "minimatch": {
      "version": "3.1.2",
      "resolved": "https://repo.dev.wixpress.com/artifactory/api/npm/npm-repos/minimatch/-/minimatch-3.1.2.tgz",
      "integrity": "sha1-Gc0ZS/0+Qo8EmnCBfAONiatL41s=",
      "dev": true,
      "requires": {
        "brace-expansion": "^1.1.7"
      }
    },
    "morgan": {
      "version": "1.10.0",
      "resolved": "https://repo.dev.wixpress.com/artifactory/api/npm/npm-repos/morgan/-/morgan-1.10.0.tgz",
      "integrity": "sha1-CRd4q8H8R801CYJGU9rh+qtrF9c=",
      "requires": {
        "basic-auth": "~2.0.1",
        "debug": "2.6.9",
        "depd": "~2.0.0",
        "on-finished": "~2.3.0",
        "on-headers": "~1.0.2"
      },
      "dependencies": {
        "debug": {
          "version": "2.6.9",
          "resolved": "https://repo.dev.wixpress.com/artifactory/api/npm/npm-repos/debug/-/debug-2.6.9.tgz",
          "integrity": "sha1-XRKFFd8TT/Mn6QpMk/Tgd6U2NB8=",
          "requires": {
            "ms": "2.0.0"
          }
        },
        "ms": {
          "version": "2.0.0",
          "resolved": "https://repo.dev.wixpress.com/artifactory/api/npm/npm-repos/ms/-/ms-2.0.0.tgz",
          "integrity": "sha1-VgiurfwAvmwpAd9fmGF4jeDVl8g="
        },
        "on-finished": {
          "version": "2.3.0",
          "resolved": "https://repo.dev.wixpress.com/artifactory/api/npm/npm-repos/on-finished/-/on-finished-2.3.0.tgz",
          "integrity": "sha1-IPEzZIGwg811M3mSoWlxqi2QaUc=",
          "requires": {
            "ee-first": "1.1.1"
          }
        }
      }
    },
    "ms": {
      "version": "2.1.2",
      "resolved": "https://repo.dev.wixpress.com/artifactory/api/npm/npm-repos/ms/-/ms-2.1.2.tgz",
      "integrity": "sha1-0J0fNXtEP0kzgqjrPM0YOHKuYAk="
    },
    "negotiator": {
      "version": "0.6.3",
      "resolved": "https://repo.dev.wixpress.com/artifactory/api/npm/npm-repos/negotiator/-/negotiator-0.6.3.tgz",
      "integrity": "sha1-WOMjpy/twNb5zU0x/kn1FHlZDM0="
    },
    "nodemon": {
      "version": "2.0.20",
      "resolved": "https://repo.dev.wixpress.com/artifactory/api/npm/npm-repos/nodemon/-/nodemon-2.0.20.tgz",
      "integrity": "sha1-41N952ikkujXTaXFgTywx0hvxwE=",
      "dev": true,
      "requires": {
        "chokidar": "^3.5.2",
        "debug": "^3.2.7",
        "ignore-by-default": "^1.0.1",
        "minimatch": "^3.1.2",
        "pstree.remy": "^1.1.8",
        "semver": "^5.7.1",
        "simple-update-notifier": "^1.0.7",
        "supports-color": "^5.5.0",
        "touch": "^3.1.0",
        "undefsafe": "^2.0.5"
      },
      "dependencies": {
        "debug": {
          "version": "3.2.7",
          "resolved": "https://repo.dev.wixpress.com/artifactory/api/npm/npm-repos/debug/-/debug-3.2.7.tgz",
          "integrity": "sha1-clgLfpFF+zm2Z2+cXl+xALk0F5o=",
          "dev": true,
          "requires": {
            "ms": "^2.1.1"
          }
        }
      }
    },
    "nopt": {
      "version": "1.0.10",
      "resolved": "https://repo.dev.wixpress.com/artifactory/api/npm/npm-repos/nopt/-/nopt-1.0.10.tgz",
      "integrity": "sha1-bd0hvSoxQXuScn3Vhfim83YI6+4=",
      "dev": true,
      "requires": {
        "abbrev": "1"
      }
    },
    "normalize-path": {
      "version": "3.0.0",
      "resolved": "https://repo.dev.wixpress.com/artifactory/api/npm/npm-repos/normalize-path/-/normalize-path-3.0.0.tgz",
      "integrity": "sha1-Dc1p/yOhybEf0JeDFmRKA4ghamU=",
      "dev": true
    },
    "notepack.io": {
      "version": "2.2.0",
      "resolved": "https://repo.dev.wixpress.com/artifactory/api/npm/npm-repos/notepack.io/-/notepack.io-2.2.0.tgz",
      "integrity": "sha1-1+px0cuQCU+IxvPI2EJ3wtDNEBw="
    },
    "object-assign": {
      "version": "4.1.1",
      "resolved": "https://repo.dev.wixpress.com/artifactory/api/npm/npm-repos/object-assign/-/object-assign-4.1.1.tgz",
      "integrity": "sha1-IQmtx5ZYh8/AXLvUQsrIv7s2CGM="
    },
    "object-inspect": {
      "version": "1.12.3",
      "resolved": "https://repo.dev.wixpress.com/artifactory/api/npm/npm-repos/object-inspect/-/object-inspect-1.12.3.tgz",
      "integrity": "sha1-umLf/WfuJWyMCG365p4BbNHxmLk="
    },
    "on-finished": {
      "version": "2.4.1",
      "resolved": "https://repo.dev.wixpress.com/artifactory/api/npm/npm-repos/on-finished/-/on-finished-2.4.1.tgz",
      "integrity": "sha1-WMjEQRblSEWtV/FKsQsDUzGErD8=",
      "requires": {
        "ee-first": "1.1.1"
      }
    },
    "on-headers": {
      "version": "1.0.2",
      "resolved": "https://repo.dev.wixpress.com/artifactory/api/npm/npm-repos/on-headers/-/on-headers-1.0.2.tgz",
      "integrity": "sha1-dysK5qqlJcOZ5Imt+tkMQD6zwo8="
    },
    "parseurl": {
      "version": "1.3.3",
      "resolved": "https://repo.dev.wixpress.com/artifactory/api/npm/npm-repos/parseurl/-/parseurl-1.3.3.tgz",
      "integrity": "sha1-naGee+6NEt/wUT7Vt2lXeTvC6NQ="
    },
    "path-to-regexp": {
      "version": "0.1.7",
      "resolved": "https://repo.dev.wixpress.com/artifactory/api/npm/npm-repos/path-to-regexp/-/path-to-regexp-0.1.7.tgz",
      "integrity": "sha1-32BBeABfUi8V60SQ5yR6G/qmf4w="
    },
    "picomatch": {
      "version": "2.3.1",
      "resolved": "https://repo.dev.wixpress.com/artifactory/api/npm/npm-repos/picomatch/-/picomatch-2.3.1.tgz",
      "integrity": "sha1-O6ODNzNkbZ0+SZWUbBNlpn+wekI=",
      "dev": true
    },
    "proxy-addr": {
      "version": "2.0.7",
      "resolved": "https://repo.dev.wixpress.com/artifactory/api/npm/npm-repos/proxy-addr/-/proxy-addr-2.0.7.tgz",
      "integrity": "sha1-8Z/mnOqzEe65S0LnDowgcPm6ECU=",
      "requires": {
        "forwarded": "0.2.0",
        "ipaddr.js": "1.9.1"
      }
    },
    "pstree.remy": {
      "version": "1.1.8",
      "resolved": "https://repo.dev.wixpress.com/artifactory/api/npm/npm-repos/pstree.remy/-/pstree.remy-1.1.8.tgz",
      "integrity": "sha1-wkIiT0pnwh9oaDm720rCgrg3PTo=",
      "dev": true
    },
    "qs": {
      "version": "6.11.0",
      "resolved": "https://repo.dev.wixpress.com/artifactory/api/npm/npm-repos/qs/-/qs-6.11.0.tgz",
      "integrity": "sha1-/Q2WNEb3pl4TZ+AavYVClFPww3o=",
      "requires": {
        "side-channel": "^1.0.4"
      }
    },
    "range-parser": {
      "version": "1.2.1",
      "resolved": "https://repo.dev.wixpress.com/artifactory/api/npm/npm-repos/range-parser/-/range-parser-1.2.1.tgz",
      "integrity": "sha1-PPNwI9GZ4cJNGlW4SADC8+ZGgDE="
    },
    "raw-body": {
      "version": "2.5.1",
      "resolved": "https://repo.dev.wixpress.com/artifactory/api/npm/npm-repos/raw-body/-/raw-body-2.5.1.tgz",
      "integrity": "sha1-/hsWKLGBtwAhXl/UI4n5i3E5KFc=",
      "requires": {
        "bytes": "3.1.2",
        "http-errors": "2.0.0",
        "iconv-lite": "0.4.24",
        "unpipe": "1.0.0"
      }
    },
    "readdirp": {
      "version": "3.6.0",
      "resolved": "https://repo.dev.wixpress.com/artifactory/api/npm/npm-repos/readdirp/-/readdirp-3.6.0.tgz",
      "integrity": "sha1-dKNwvYVxFuJFspzJc0DNQxoCpsc=",
      "dev": true,
      "requires": {
        "picomatch": "^2.2.1"
      }
    },
    "redis": {
      "version": "4.5.1",
      "resolved": "https://repo.dev.wixpress.com/artifactory/api/npm/npm-repos/redis/-/redis-4.5.1.tgz",
      "integrity": "sha1-9agYlwuy3F1gVAurQTCGQGBMfTM=",
      "requires": {
        "@redis/bloom": "1.1.0",
        "@redis/client": "1.4.2",
        "@redis/graph": "1.1.0",
        "@redis/json": "1.0.4",
        "@redis/search": "1.1.0",
        "@redis/time-series": "1.0.4"
      }
    },
    "safe-buffer": {
      "version": "5.2.1",
      "resolved": "https://repo.dev.wixpress.com/artifactory/api/npm/npm-repos/safe-buffer/-/safe-buffer-5.2.1.tgz",
      "integrity": "sha1-Hq+fqb2x/dTsdfWPnNtOa3gn7sY="
    },
    "safer-buffer": {
      "version": "2.1.2",
      "resolved": "https://repo.dev.wixpress.com/artifactory/api/npm/npm-repos/safer-buffer/-/safer-buffer-2.1.2.tgz",
      "integrity": "sha1-RPoWGwGHuVSd2Eu5GAL5vYOFzWo="
    },
    "semver": {
      "version": "5.7.1",
      "resolved": "https://repo.dev.wixpress.com/artifactory/api/npm/npm-repos/semver/-/semver-5.7.1.tgz",
      "integrity": "sha1-qVT5Ma66UI0we78Gnv8MAclhFvc="
    },
    "send": {
      "version": "0.18.0",
      "resolved": "https://repo.dev.wixpress.com/artifactory/api/npm/npm-repos/send/-/send-0.18.0.tgz",
      "integrity": "sha1-ZwFnzGVLBfWqSnZ/kRO7NxvHBr4=",
      "requires": {
        "debug": "2.6.9",
        "depd": "2.0.0",
        "destroy": "1.2.0",
        "encodeurl": "~1.0.2",
        "escape-html": "~1.0.3",
        "etag": "~1.8.1",
        "fresh": "0.5.2",
        "http-errors": "2.0.0",
        "mime": "1.6.0",
        "ms": "2.1.3",
        "on-finished": "2.4.1",
        "range-parser": "~1.2.1",
        "statuses": "2.0.1"
      },
      "dependencies": {
        "debug": {
          "version": "2.6.9",
          "resolved": "https://repo.dev.wixpress.com/artifactory/api/npm/npm-repos/debug/-/debug-2.6.9.tgz",
          "integrity": "sha1-XRKFFd8TT/Mn6QpMk/Tgd6U2NB8=",
          "requires": {
            "ms": "2.0.0"
          },
          "dependencies": {
            "ms": {
              "version": "2.0.0",
              "resolved": "https://repo.dev.wixpress.com/artifactory/api/npm/npm-repos/ms/-/ms-2.0.0.tgz",
              "integrity": "sha1-VgiurfwAvmwpAd9fmGF4jeDVl8g="
            }
          }
        },
        "ms": {
          "version": "2.1.3",
          "resolved": "https://repo.dev.wixpress.com/artifactory/api/npm/npm-repos/ms/-/ms-2.1.3.tgz",
          "integrity": "sha1-V0yBOM4dK1hh8LRFedut1gxmFbI="
        }
      }
    },
    "serve-static": {
      "version": "1.15.0",
      "resolved": "https://repo.dev.wixpress.com/artifactory/api/npm/npm-repos/serve-static/-/serve-static-1.15.0.tgz",
      "integrity": "sha1-+q7wjP/goaYvYMrQxOUTz/CslUA=",
      "requires": {
        "encodeurl": "~1.0.2",
        "escape-html": "~1.0.3",
        "parseurl": "~1.3.3",
        "send": "0.18.0"
      }
    },
    "setprototypeof": {
      "version": "1.2.0",
      "resolved": "https://repo.dev.wixpress.com/artifactory/api/npm/npm-repos/setprototypeof/-/setprototypeof-1.2.0.tgz",
      "integrity": "sha1-ZsmiSnP5/CjL5msJ/tPTPcrxtCQ="
    },
    "side-channel": {
      "version": "1.0.4",
      "resolved": "https://repo.dev.wixpress.com/artifactory/api/npm/npm-repos/side-channel/-/side-channel-1.0.4.tgz",
      "integrity": "sha1-785cj9wQTudRslxY1CkAEfpeos8=",
      "requires": {
        "call-bind": "^1.0.0",
        "get-intrinsic": "^1.0.2",
        "object-inspect": "^1.9.0"
      }
    },
    "simple-update-notifier": {
      "version": "1.1.0",
      "resolved": "https://repo.dev.wixpress.com/artifactory/api/npm/npm-repos/simple-update-notifier/-/simple-update-notifier-1.1.0.tgz",
      "integrity": "sha1-Z2lMEh3jVK9ZKzR826eYRj7UnII=",
      "dev": true,
      "requires": {
        "semver": "~7.0.0"
      },
      "dependencies": {
        "semver": {
          "version": "7.0.0",
          "resolved": "https://repo.dev.wixpress.com/artifactory/api/npm/npm-repos/semver/-/semver-7.0.0.tgz",
          "integrity": "sha1-XzyjV2HkfgWyBsba/yz4FPAxa44=",
          "dev": true
        }
      }
    },
    "socket.io": {
      "version": "4.5.4",
      "resolved": "https://repo.dev.wixpress.com/artifactory/api/npm/npm-repos/socket.io/-/socket.io-4.5.4.tgz",
      "integrity": "sha1-pFE/Buh0UcFwE7jRP9+vjaWoapA=",
      "requires": {
        "accepts": "~1.3.4",
        "base64id": "~2.0.0",
        "debug": "~4.3.2",
        "engine.io": "~6.2.1",
        "socket.io-adapter": "~2.4.0",
        "socket.io-parser": "~4.2.1"
      },
      "dependencies": {
        "socket.io-adapter": {
          "version": "2.4.0",
          "resolved": "https://repo.dev.wixpress.com/artifactory/api/npm/npm-repos/socket.io-adapter/-/socket.io-adapter-2.4.0.tgz",
          "integrity": "sha1-tQpKns3QDDTUyMgIIk2qGnhhUqY="
        }
      }
    },
    "socket.io-adapter": {
      "version": "2.5.2",
      "resolved": "https://repo.dev.wixpress.com/artifactory/api/npm/npm-repos/socket.io-adapter/-/socket.io-adapter-2.5.2.tgz",
      "integrity": "sha1-XelHfJGC/cFxzYyDZLmoiU7HXRI=",
      "requires": {
        "ws": "~8.11.0"
      }
    },
    "socket.io-parser": {
      "version": "4.2.2",
      "resolved": "https://repo.dev.wixpress.com/artifactory/api/npm/npm-repos/socket.io-parser/-/socket.io-parser-4.2.2.tgz",
      "integrity": "sha1-HdOEAZ4lt6PTdId/SSqzTyrQ0gY=",
      "requires": {
        "@socket.io/component-emitter": "~3.1.0",
        "debug": "~4.3.1"
      }
    },
    "statuses": {
      "version": "2.0.1",
      "resolved": "https://repo.dev.wixpress.com/artifactory/api/npm/npm-repos/statuses/-/statuses-2.0.1.tgz",
      "integrity": "sha1-VcsADM8dSHKL0jxoWgY5mM8aG2M="
    },
    "supports-color": {
      "version": "5.5.0",
      "resolved": "https://repo.dev.wixpress.com/artifactory/api/npm/npm-repos/supports-color/-/supports-color-5.5.0.tgz",
      "integrity": "sha1-4uaaRKyHcveKHsCzW2id9lMO/I8=",
      "dev": true,
      "requires": {
        "has-flag": "^3.0.0"
      }
    },
    "swagger-ui-dist": {
      "version": "4.15.5",
      "resolved": "https://repo.dev.wixpress.com/artifactory/api/npm/npm-repos/swagger-ui-dist/-/swagger-ui-dist-4.15.5.tgz",
      "integrity": "sha1-zaImp52yqRklecwfN+yDk5imJjg="
    },
    "swagger-ui-express": {
      "version": "4.6.0",
      "resolved": "https://repo.dev.wixpress.com/artifactory/api/npm/npm-repos/swagger-ui-express/-/swagger-ui-express-4.6.0.tgz",
      "integrity": "sha1-/Cl9gMYUyA9dfe89q1C1ZCjP4ck=",
      "requires": {
        "swagger-ui-dist": ">=4.11.0"
      }
    },
    "to-regex-range": {
      "version": "5.0.1",
      "resolved": "https://repo.dev.wixpress.com/artifactory/api/npm/npm-repos/to-regex-range/-/to-regex-range-5.0.1.tgz",
      "integrity": "sha1-FkjESq58jZiKMmAY7XL1tN0DkuQ=",
      "dev": true,
      "requires": {
        "is-number": "^7.0.0"
      }
    },
    "toidentifier": {
      "version": "1.0.1",
      "resolved": "https://repo.dev.wixpress.com/artifactory/api/npm/npm-repos/toidentifier/-/toidentifier-1.0.1.tgz",
      "integrity": "sha1-O+NDIaiKgg7RvYDfqjPkefu43TU="
    },
    "touch": {
      "version": "3.1.0",
      "resolved": "https://repo.dev.wixpress.com/artifactory/api/npm/npm-repos/touch/-/touch-3.1.0.tgz",
      "integrity": "sha1-/jZfX3XsntTlaCXgu3bSSrdK+Ds=",
      "dev": true,
      "requires": {
        "nopt": "~1.0.10"
      }
    },
    "type-is": {
      "version": "1.6.18",
      "resolved": "https://repo.dev.wixpress.com/artifactory/api/npm/npm-repos/type-is/-/type-is-1.6.18.tgz",
      "integrity": "sha1-TlUs0F3wlGfcvE73Od6J8s83wTE=",
      "requires": {
        "media-typer": "0.3.0",
        "mime-types": "~2.1.24"
      }
    },
    "uid2": {
      "version": "0.0.3",
      "resolved": "https://repo.dev.wixpress.com/artifactory/api/npm/npm-repos/uid2/-/uid2-0.0.3.tgz",
      "integrity": "sha1-SDEm4Rd03y9xuLY53NeZw3YWK4I="
    },
    "undefsafe": {
      "version": "2.0.5",
      "resolved": "https://repo.dev.wixpress.com/artifactory/api/npm/npm-repos/undefsafe/-/undefsafe-2.0.5.tgz",
      "integrity": "sha1-OHM7kye9zSJtuIn7cjpu/RYubiw=",
      "dev": true
    },
    "unpipe": {
      "version": "1.0.0",
      "resolved": "https://repo.dev.wixpress.com/artifactory/api/npm/npm-repos/unpipe/-/unpipe-1.0.0.tgz",
      "integrity": "sha1-sr9O6FFKrmFltIF4KdIbLvSZBOw="
    },
    "utils-merge": {
      "version": "1.0.1",
      "resolved": "https://repo.dev.wixpress.com/artifactory/api/npm/npm-repos/utils-merge/-/utils-merge-1.0.1.tgz",
      "integrity": "sha1-n5VxD1CiZ5R7LMwSR0HBAoQn5xM="
    },
    "validator": {
      "version": "13.7.0",
      "resolved": "https://repo.dev.wixpress.com/artifactory/api/npm/npm-repos/validator/-/validator-13.7.0.tgz",
      "integrity": "sha1-T5ZYuhO6jz2C7ogdNRZInqhcCFc="
    },
    "vary": {
      "version": "1.1.2",
      "resolved": "https://repo.dev.wixpress.com/artifactory/api/npm/npm-repos/vary/-/vary-1.1.2.tgz",
      "integrity": "sha1-IpnwLG3tMNSllhsLn3RSShj2NPw="
    },
    "ws": {
      "version": "8.11.0",
      "resolved": "https://repo.dev.wixpress.com/artifactory/api/npm/npm-repos/ws/-/ws-8.11.0.tgz",
      "integrity": "sha1-ag02uO39n5bYslaD2y+Nfebo4UM="
    },
    "yallist": {
      "version": "4.0.0",
      "resolved": "https://repo.dev.wixpress.com/artifactory/api/npm/npm-repos/yallist/-/yallist-4.0.0.tgz",
      "integrity": "sha1-m7knkNnA7/7GO+c1GeEaNQGaOnI="
    }
  }
}
